// !$*UTF8*$!
{
	archiveVersion = 1;
	classes = {
	};
	objectVersion = 50;
	objects = {

/* Begin PBXBuildFile section */
		31DB9CC223B3C53F00E97805 /* AppDelegate.swift in Sources */ = {isa = PBXBuildFile; fileRef = 31DB9CC123B3C53F00E97805 /* AppDelegate.swift */; };
		31DB9CC423B3C53F00E97805 /* ContentView.swift in Sources */ = {isa = PBXBuildFile; fileRef = 31DB9CC323B3C53F00E97805 /* ContentView.swift */; };
		31DB9CC623B3C54300E97805 /* Assets.xcassets in Resources */ = {isa = PBXBuildFile; fileRef = 31DB9CC523B3C54300E97805 /* Assets.xcassets */; };
		31DB9CC923B3C54300E97805 /* Preview Assets.xcassets in Resources */ = {isa = PBXBuildFile; fileRef = 31DB9CC823B3C54300E97805 /* Preview Assets.xcassets */; };
		31DB9CCC23B3C54300E97805 /* Main.storyboard in Resources */ = {isa = PBXBuildFile; fileRef = 31DB9CCA23B3C54300E97805 /* Main.storyboard */; };
/* End PBXBuildFile section */

/* Begin PBXFileReference section */
		31DB9CBE23B3C53F00E97805 /* WorkingInterop.app */ = {isa = PBXFileReference; explicitFileType = wrapper.application; includeInIndex = 0; path = WorkingInterop.app; sourceTree = BUILT_PRODUCTS_DIR; };
		31DB9CC123B3C53F00E97805 /* AppDelegate.swift */ = {isa = PBXFileReference; lastKnownFileType = sourcecode.swift; path = AppDelegate.swift; sourceTree = "<group>"; };
		31DB9CC323B3C53F00E97805 /* ContentView.swift */ = {isa = PBXFileReference; lastKnownFileType = sourcecode.swift; path = ContentView.swift; sourceTree = "<group>"; };
		31DB9CC523B3C54300E97805 /* Assets.xcassets */ = {isa = PBXFileReference; lastKnownFileType = folder.assetcatalog; path = Assets.xcassets; sourceTree = "<group>"; };
		31DB9CC823B3C54300E97805 /* Preview Assets.xcassets */ = {isa = PBXFileReference; lastKnownFileType = folder.assetcatalog; path = "Preview Assets.xcassets"; sourceTree = "<group>"; };
		31DB9CCB23B3C54300E97805 /* Base */ = {isa = PBXFileReference; lastKnownFileType = file.storyboard; name = Base; path = Base.lproj/Main.storyboard; sourceTree = "<group>"; };
		31DB9CCD23B3C54300E97805 /* Info.plist */ = {isa = PBXFileReference; lastKnownFileType = text.plist.xml; path = Info.plist; sourceTree = "<group>"; };
		31DB9CCE23B3C54300E97805 /* WorkingInterop.entitlements */ = {isa = PBXFileReference; lastKnownFileType = text.plist.entitlements; path = WorkingInterop.entitlements; sourceTree = "<group>"; };
		31DB9CD423B3C5FB00E97805 /* WorkingInterop-Bridging-Header.h */ = {isa = PBXFileReference; lastKnownFileType = sourcecode.c.h; path = "WorkingInterop-Bridging-Header.h"; sourceTree = "<group>"; };
/* End PBXFileReference section */

/* Begin PBXFrameworksBuildPhase section */
		31DB9CBB23B3C53F00E97805 /* Frameworks */ = {
			isa = PBXFrameworksBuildPhase;
			buildActionMask = 2147483647;
			files = (
			);
			runOnlyForDeploymentPostprocessing = 0;
		};
/* End PBXFrameworksBuildPhase section */

/* Begin PBXGroup section */
		31DB9CB523B3C53F00E97805 = {
			isa = PBXGroup;
			children = (
				31DB9CC023B3C53F00E97805 /* WorkingInterop */,
				31DB9CBF23B3C53F00E97805 /* Products */,
			);
			sourceTree = "<group>";
		};
		31DB9CBF23B3C53F00E97805 /* Products */ = {
			isa = PBXGroup;
			children = (
				31DB9CBE23B3C53F00E97805 /* WorkingInterop.app */,
			);
			name = Products;
			sourceTree = "<group>";
		};
		31DB9CC023B3C53F00E97805 /* WorkingInterop */ = {
			isa = PBXGroup;
			children = (
				31DB9CC123B3C53F00E97805 /* AppDelegate.swift */,
				31DB9CD423B3C5FB00E97805 /* WorkingInterop-Bridging-Header.h */,
				31DB9CC323B3C53F00E97805 /* ContentView.swift */,
				31DB9CC523B3C54300E97805 /* Assets.xcassets */,
				31DB9CCA23B3C54300E97805 /* Main.storyboard */,
				31DB9CCD23B3C54300E97805 /* Info.plist */,
				31DB9CCE23B3C54300E97805 /* WorkingInterop.entitlements */,
				31DB9CC723B3C54300E97805 /* Preview Content */,
			);
			path = WorkingInterop;
			sourceTree = "<group>";
		};
		31DB9CC723B3C54300E97805 /* Preview Content */ = {
			isa = PBXGroup;
			children = (
				31DB9CC823B3C54300E97805 /* Preview Assets.xcassets */,
			);
			path = "Preview Content";
			sourceTree = "<group>";
		};
/* End PBXGroup section */

/* Begin PBXNativeTarget section */
		31DB9CBD23B3C53F00E97805 /* WorkingInterop */ = {
			isa = PBXNativeTarget;
			buildConfigurationList = 31DB9CD123B3C54300E97805 /* Build configuration list for PBXNativeTarget "WorkingInterop" */;
			buildPhases = (
				31DB9CBA23B3C53F00E97805 /* Sources */,
				31DB9CBB23B3C53F00E97805 /* Frameworks */,
				31DB9CBC23B3C53F00E97805 /* Resources */,
			);
			buildRules = (
			);
			dependencies = (
			);
			name = WorkingInterop;
			productName = WorkingInterop;
			productReference = 31DB9CBE23B3C53F00E97805 /* WorkingInterop.app */;
			productType = "com.apple.product-type.application";
		};
/* End PBXNativeTarget section */

/* Begin PBXProject section */
		31DB9CB623B3C53F00E97805 /* Project object */ = {
			isa = PBXProject;
			attributes = {
				LastSwiftUpdateCheck = 1130;
				LastUpgradeCheck = 1130;
				ORGANIZATIONNAME = "Nikhil Bhargava";
				TargetAttributes = {
					31DB9CBD23B3C53F00E97805 = {
						CreatedOnToolsVersion = 11.3;
					};
				};
			};
			buildConfigurationList = 31DB9CB923B3C53F00E97805 /* Build configuration list for PBXProject "WorkingInterop" */;
			compatibilityVersion = "Xcode 9.3";
			developmentRegion = en;
			hasScannedForEncodings = 0;
			knownRegions = (
				en,
				Base,
			);
			mainGroup = 31DB9CB523B3C53F00E97805;
			productRefGroup = 31DB9CBF23B3C53F00E97805 /* Products */;
			projectDirPath = "";
			projectRoot = "";
			targets = (
				31DB9CBD23B3C53F00E97805 /* WorkingInterop */,
			);
		};
/* End PBXProject section */

/* Begin PBXResourcesBuildPhase section */
		31DB9CBC23B3C53F00E97805 /* Resources */ = {
			isa = PBXResourcesBuildPhase;
			buildActionMask = 2147483647;
			files = (
				31DB9CCC23B3C54300E97805 /* Main.storyboard in Resources */,
				31DB9CC923B3C54300E97805 /* Preview Assets.xcassets in Resources */,
				31DB9CC623B3C54300E97805 /* Assets.xcassets in Resources */,
			);
			runOnlyForDeploymentPostprocessing = 0;
		};
/* End PBXResourcesBuildPhase section */

/* Begin PBXSourcesBuildPhase section */
		31DB9CBA23B3C53F00E97805 /* Sources */ = {
			isa = PBXSourcesBuildPhase;
			buildActionMask = 2147483647;
			files = (
				31DB9CC423B3C53F00E97805 /* ContentView.swift in Sources */,
				31DB9CC223B3C53F00E97805 /* AppDelegate.swift in Sources */,
			);
			runOnlyForDeploymentPostprocessing = 0;
		};
/* End PBXSourcesBuildPhase section */

/* Begin PBXVariantGroup section */
		31DB9CCA23B3C54300E97805 /* Main.storyboard */ = {
			isa = PBXVariantGroup;
			children = (
				31DB9CCB23B3C54300E97805 /* Base */,
			);
			name = Main.storyboard;
			sourceTree = "<group>";
		};
/* End PBXVariantGroup section */

/* Begin XCBuildConfiguration section */
		31DB9CCF23B3C54300E97805 /* Debug */ = {
			isa = XCBuildConfiguration;
			buildSettings = {
				ALWAYS_SEARCH_USER_PATHS = NO;
				CLANG_ANALYZER_NONNULL = YES;
				CLANG_ANALYZER_NUMBER_OBJECT_CONVERSION = YES_AGGRESSIVE;
				CLANG_CXX_LANGUAGE_STANDARD = "gnu++14";
				CLANG_CXX_LIBRARY = "libc++";
				CLANG_ENABLE_MODULES = YES;
				CLANG_ENABLE_OBJC_ARC = YES;
				CLANG_ENABLE_OBJC_WEAK = YES;
				CLANG_WARN_BLOCK_CAPTURE_AUTORELEASING = YES;
				CLANG_WARN_BOOL_CONVERSION = YES;
				CLANG_WARN_COMMA = YES;
				CLANG_WARN_CONSTANT_CONVERSION = YES;
				CLANG_WARN_DEPRECATED_OBJC_IMPLEMENTATIONS = YES;
				CLANG_WARN_DIRECT_OBJC_ISA_USAGE = YES_ERROR;
				CLANG_WARN_DOCUMENTATION_COMMENTS = YES;
				CLANG_WARN_EMPTY_BODY = YES;
				CLANG_WARN_ENUM_CONVERSION = YES;
				CLANG_WARN_INFINITE_RECURSION = YES;
				CLANG_WARN_INT_CONVERSION = YES;
				CLANG_WARN_NON_LITERAL_NULL_CONVERSION = YES;
				CLANG_WARN_OBJC_IMPLICIT_RETAIN_SELF = YES;
				CLANG_WARN_OBJC_LITERAL_CONVERSION = YES;
				CLANG_WARN_OBJC_ROOT_CLASS = YES_ERROR;
				CLANG_WARN_RANGE_LOOP_ANALYSIS = YES;
				CLANG_WARN_STRICT_PROTOTYPES = YES;
				CLANG_WARN_SUSPICIOUS_MOVE = YES;
				CLANG_WARN_UNGUARDED_AVAILABILITY = YES_AGGRESSIVE;
				CLANG_WARN_UNREACHABLE_CODE = YES;
				CLANG_WARN__DUPLICATE_METHOD_MATCH = YES;
				COPY_PHASE_STRIP = NO;
				DEBUG_INFORMATION_FORMAT = dwarf;
				ENABLE_STRICT_OBJC_MSGSEND = YES;
				ENABLE_TESTABILITY = YES;
				GCC_C_LANGUAGE_STANDARD = gnu11;
				GCC_DYNAMIC_NO_PIC = NO;
				GCC_NO_COMMON_BLOCKS = YES;
				GCC_OPTIMIZATION_LEVEL = 0;
				GCC_PREPROCESSOR_DEFINITIONS = (
					"DEBUG=1",
					"$(inherited)",
				);
				GCC_WARN_64_TO_32_BIT_CONVERSION = YES;
				GCC_WARN_ABOUT_RETURN_TYPE = YES_ERROR;
				GCC_WARN_UNDECLARED_SELECTOR = YES;
				GCC_WARN_UNINITIALIZED_AUTOS = YES_AGGRESSIVE;
				GCC_WARN_UNUSED_FUNCTION = YES;
				GCC_WARN_UNUSED_VARIABLE = YES;
				MACOSX_DEPLOYMENT_TARGET = 10.15;
				MTL_ENABLE_DEBUG_INFO = INCLUDE_SOURCE;
				MTL_FAST_MATH = YES;
				ONLY_ACTIVE_ARCH = YES;
				SDKROOT = macosx;
				SWIFT_ACTIVE_COMPILATION_CONDITIONS = DEBUG;
				SWIFT_OPTIMIZATION_LEVEL = "-Onone";
			};
			name = Debug;
		};
		31DB9CD023B3C54300E97805 /* Release */ = {
			isa = XCBuildConfiguration;
			buildSettings = {
				ALWAYS_SEARCH_USER_PATHS = NO;
				CLANG_ANALYZER_NONNULL = YES;
				CLANG_ANALYZER_NUMBER_OBJECT_CONVERSION = YES_AGGRESSIVE;
				CLANG_CXX_LANGUAGE_STANDARD = "gnu++14";
				CLANG_CXX_LIBRARY = "libc++";
				CLANG_ENABLE_MODULES = YES;
				CLANG_ENABLE_OBJC_ARC = YES;
				CLANG_ENABLE_OBJC_WEAK = YES;
				CLANG_WARN_BLOCK_CAPTURE_AUTORELEASING = YES;
				CLANG_WARN_BOOL_CONVERSION = YES;
				CLANG_WARN_COMMA = YES;
				CLANG_WARN_CONSTANT_CONVERSION = YES;
				CLANG_WARN_DEPRECATED_OBJC_IMPLEMENTATIONS = YES;
				CLANG_WARN_DIRECT_OBJC_ISA_USAGE = YES_ERROR;
				CLANG_WARN_DOCUMENTATION_COMMENTS = YES;
				CLANG_WARN_EMPTY_BODY = YES;
				CLANG_WARN_ENUM_CONVERSION = YES;
				CLANG_WARN_INFINITE_RECURSION = YES;
				CLANG_WARN_INT_CONVERSION = YES;
				CLANG_WARN_NON_LITERAL_NULL_CONVERSION = YES;
				CLANG_WARN_OBJC_IMPLICIT_RETAIN_SELF = YES;
				CLANG_WARN_OBJC_LITERAL_CONVERSION = YES;
				CLANG_WARN_OBJC_ROOT_CLASS = YES_ERROR;
				CLANG_WARN_RANGE_LOOP_ANALYSIS = YES;
				CLANG_WARN_STRICT_PROTOTYPES = YES;
				CLANG_WARN_SUSPICIOUS_MOVE = YES;
				CLANG_WARN_UNGUARDED_AVAILABILITY = YES_AGGRESSIVE;
				CLANG_WARN_UNREACHABLE_CODE = YES;
				CLANG_WARN__DUPLICATE_METHOD_MATCH = YES;
				COPY_PHASE_STRIP = NO;
				DEBUG_INFORMATION_FORMAT = "dwarf-with-dsym";
				ENABLE_NS_ASSERTIONS = NO;
				ENABLE_STRICT_OBJC_MSGSEND = YES;
				GCC_C_LANGUAGE_STANDARD = gnu11;
				GCC_NO_COMMON_BLOCKS = YES;
				GCC_WARN_64_TO_32_BIT_CONVERSION = YES;
				GCC_WARN_ABOUT_RETURN_TYPE = YES_ERROR;
				GCC_WARN_UNDECLARED_SELECTOR = YES;
				GCC_WARN_UNINITIALIZED_AUTOS = YES_AGGRESSIVE;
				GCC_WARN_UNUSED_FUNCTION = YES;
				GCC_WARN_UNUSED_VARIABLE = YES;
				MACOSX_DEPLOYMENT_TARGET = 10.15;
				MTL_ENABLE_DEBUG_INFO = NO;
				MTL_FAST_MATH = YES;
				SDKROOT = macosx;
				SWIFT_COMPILATION_MODE = wholemodule;
				SWIFT_OPTIMIZATION_LEVEL = "-O";
			};
			name = Release;
		};
		31DB9CD223B3C54300E97805 /* Debug */ = {
			isa = XCBuildConfiguration;
			buildSettings = {
				ASSETCATALOG_COMPILER_APPICON_NAME = AppIcon;
				CODE_SIGN_ENTITLEMENTS = WorkingInterop/WorkingInterop.entitlements;
				CODE_SIGN_STYLE = Automatic;
				COMBINE_HIDPI_IMAGES = YES;
				DEVELOPMENT_ASSET_PATHS = "\"WorkingInterop/Preview Content\"";
				ENABLE_PREVIEWS = YES;
				INFOPLIST_FILE = WorkingInterop/Info.plist;
				LD_RUNPATH_SEARCH_PATHS = (
					"$(inherited)",
					"@executable_path/../Frameworks",
				);
				MACOSX_DEPLOYMENT_TARGET = 10.15;
				PRODUCT_BUNDLE_IDENTIFIER = dev.metamanagement.WorkingInterop;
				PRODUCT_NAME = "$(TARGET_NAME)";
				SWIFT_OBJC_BRIDGING_HEADER = "./WorkingInterop/WorkingInterop-Bridging-Header.h";
				SWIFT_VERSION = 5.0;
			};
			name = Debug;
		};
		31DB9CD323B3C54300E97805 /* Release */ = {
			isa = XCBuildConfiguration;
			buildSettings = {
				ASSETCATALOG_COMPILER_APPICON_NAME = AppIcon;
				CODE_SIGN_ENTITLEMENTS = WorkingInterop/WorkingInterop.entitlements;
				CODE_SIGN_STYLE = Automatic;
				COMBINE_HIDPI_IMAGES = YES;
				DEVELOPMENT_ASSET_PATHS = "\"WorkingInterop/Preview Content\"";
				ENABLE_PREVIEWS = YES;
				INFOPLIST_FILE = WorkingInterop/Info.plist;
				LD_RUNPATH_SEARCH_PATHS = (
					"$(inherited)",
					"@executable_path/../Frameworks",
				);
				MACOSX_DEPLOYMENT_TARGET = 10.15;
				PRODUCT_BUNDLE_IDENTIFIER = dev.metamanagement.WorkingInterop;
				PRODUCT_NAME = "$(TARGET_NAME)";
				SWIFT_OBJC_BRIDGING_HEADER = "./WorkingInterop/WorkingInterop-Bridging-Header.h";
				SWIFT_VERSION = 5.0;
			};
			name = Release;
		};
/* End XCBuildConfiguration section */

/* Begin XCConfigurationList section */
		31DB9CB923B3C53F00E97805 /* Build configuration list for PBXProject "WorkingInterop" */ = {
			isa = XCConfigurationList;
			buildConfigurations = (
				31DB9CCF23B3C54300E97805 /* Debug */,
				31DB9CD023B3C54300E97805 /* Release */,
			);
			defaultConfigurationIsVisible = 0;
			defaultConfigurationName = Release;
		};
		31DB9CD123B3C54300E97805 /* Build configuration list for PBXNativeTarget "WorkingInterop" */ = {
			isa = XCConfigurationList;
			buildConfigurations = (
				31DB9CD223B3C54300E97805 /* Debug */,
				31DB9CD323B3C54300E97805 /* Release */,
			);
			defaultConfigurationIsVisible = 0;
			defaultConfigurationName = Release;
		};
/* End XCConfigurationList section */
	};
	rootObject = 31DB9CB623B3C53F00E97805 /* Project object */;
}
